{
  "nodes": {
    "agenix": {
      "inputs": {
        "nixpkgs": [
          "nixpkgs"
        ]
      },
      "locked": {
        "lastModified": 1665870395,
        "narHash": "sha256-Tsbqb27LDNxOoPLh0gw2hIb6L/6Ow/6lIBvqcHzEKBI=",
        "owner": "ryantm",
        "repo": "agenix",
        "rev": "a630400067c6d03c9b3e0455347dc8559db14288",
        "type": "github"
      },
      "original": {
        "owner": "ryantm",
        "repo": "agenix",
        "type": "github"
      }
    },
    "daml-mode": {
      "inputs": {
        "flake-utils": [
          "flake-utils-plus",
          "flake-utils"
        ],
        "nixpkgs": [
          "nixpkgs"
        ]
      },
      "locked": {
        "lastModified": 1669739595,
        "narHash": "sha256-PeQQaHw8GvmBFdiu3U2OHSGlhWaO9dCo8zRvDgWMiwY=",
        "owner": "kczulko",
        "repo": "daml-mode-flake",
        "rev": "87fdf05c361e4459699838e00135324495edc84b",
        "type": "github"
      },
      "original": {
        "owner": "kczulko",
        "repo": "daml-mode-flake",
        "type": "github"
      }
    },
    "flake-utils": {
      "locked": {
        "lastModified": 1644229661,
        "narHash": "sha256-1YdnJAsNy69bpcjuoKdOYQX0YxZBiCYZo4Twxerqv7k=",
        "owner": "numtide",
        "repo": "flake-utils",
        "rev": "3cecb5b042f7f209c56ffd8371b2711a290ec797",
        "type": "github"
      },
      "original": {
        "owner": "numtide",
        "repo": "flake-utils",
        "type": "github"
      }
    },
    "flake-utils-plus": {
      "inputs": {
        "flake-utils": "flake-utils"
      },
      "locked": {
        "lastModified": 1657226504,
        "narHash": "sha256-GIYNjuq4mJlFgqKsZ+YrgzWm0IpA4axA3MCrdKYj7gs=",
        "owner": "gytis-ivaskevicius",
        "repo": "flake-utils-plus",
        "rev": "2bf0f91643c2e5ae38c1b26893ac2927ac9bd82a",
        "type": "github"
      },
      "original": {
        "owner": "gytis-ivaskevicius",
        "repo": "flake-utils-plus",
        "type": "github"
      }
    },
    "flake-utils_2": {
      "locked": {
        "lastModified": 1667395993,
        "narHash": "sha256-nuEHfE/LcWyuSWnS8t12N1wc105Qtau+/OdUAjtQ0rA=",
        "owner": "numtide",
        "repo": "flake-utils",
        "rev": "5aed5285a952e0b949eb3ba02c12fa4fcfef535f",
        "type": "github"
      },
      "original": {
        "owner": "numtide",
        "repo": "flake-utils",
        "type": "github"
      }
    },
    "gsts": {
      "inputs": {
        "flake-utils": "flake-utils_2",
        "nixpkgs": [
          "nixpkgs"
        ],
        "npmlock2nixSrc": "npmlock2nixSrc"
      },
      "locked": {
        "lastModified": 1673553387,
        "narHash": "sha256-ac4huZmHQOpDDoCMel7LOrXe7mHbsuEL55M8OC+6LxA=",
        "owner": "kczulko",
        "repo": "gsts",
        "rev": "9ab56887db7a3f02377e354a81c2c031b8aebcce",
        "type": "github"
      },
      "original": {
        "owner": "kczulko",
        "repo": "gsts",
        "rev": "9ab56887db7a3f02377e354a81c2c031b8aebcce",
        "type": "github"
      }
    },
    "home-manager": {
      "inputs": {
        "nixpkgs": [
          "nixpkgs"
        ],
        "utils": "utils"
      },
      "locked": {
        "lastModified": 1670059602,
        "narHash": "sha256-mtgVnAjlYYjJr2wDnfz94kIefLl61Ww7cjCpLVhN/6Y=",
        "owner": "nix-community",
        "repo": "home-manager",
        "rev": "6b71989c0dc1c8d386086334290c094240d51798",
        "type": "github"
      },
      "original": {
        "owner": "nix-community",
        "ref": "release-22.11",
        "repo": "home-manager",
        "type": "github"
      }
    },
    "latest-nixpkgs": {
      "locked": {
        "lastModified": 1674211260,
        "narHash": "sha256-xU6Rv9sgnwaWK7tgCPadV6HhI2Y/fl4lKxJoG2+m9qs=",
        "owner": "nixos",
        "repo": "nixpkgs",
        "rev": "5ed481943351e9fd354aeb557679624224de38d5",
        "type": "github"
      },
      "original": {
        "owner": "nixos",
        "ref": "nixos-unstable",
        "repo": "nixpkgs",
        "type": "github"
      }
    },
    "nixos-hardware": {
      "locked": {
        "lastModified": 1670174919,
        "narHash": "sha256-XdQr3BUnrvVLRFunLWrZORhwYHDG0+9jUUe0Jv1pths=",
        "owner": "NixOS",
        "repo": "nixos-hardware",
        "rev": "9d87bc030a0bf3f00e953dbf095a7d8e852dab6b",
        "type": "github"
      },
      "original": {
        "owner": "NixOS",
        "repo": "nixos-hardware",
        "type": "github"
      }
    },
    "nixpkgs": {
      "locked": {
        "lastModified": 1682669017,
        "narHash": "sha256-Vi+p4y3wnl0/4gcwTdmCO398kKlDaUrNROtf3GOD2NY=",
        "owner": "NixOS",
        "repo": "nixpkgs",
        "rev": "7449971a3ecf857b4a554cf79b1d9dcc1a4647d8",
        "type": "github"
      },
      "original": {
        "owner": "NixOS",
        "ref": "nixos-22.11",
        "repo": "nixpkgs",
        "type": "github"
      }
    },
    "nixpkgs_2": {
      "locked": {
        "lastModified": 1672525397,
        "narHash": "sha256-WASDnyxHKWVrEe0dIzkpH+jzKlCKAk0husv0f/9pyxg=",
        "owner": "nixos",
        "repo": "nixpkgs",
        "rev": "8ba56d7c0d7490680f2d51ba46a141eca7c46afa",
        "type": "github"
      },
      "original": {
        "owner": "nixos",
        "ref": "nixos-unstable",
        "repo": "nixpkgs",
        "type": "github"
      }
    },
    "npmlock2nixSrc": {
      "flake": false,
      "locked": {
        "lastModified": 1673447413,
        "narHash": "sha256-sJM82Sj8yfQYs9axEmGZ9Evzdv/kDcI9sddqJ45frrU=",
        "owner": "nix-community",
        "repo": "npmlock2nix",
        "rev": "9197bbf397d76059a76310523d45df10d2e4ca81",
        "type": "github"
      },
      "original": {
        "owner": "nix-community",
        "repo": "npmlock2nix",
        "type": "github"
      }
    },
    "nur": {
      "locked": {
        "lastModified": 1667931999,
        "narHash": "sha256-I8/+s+c0DSaX1U2qGx7jPYM3YiQIFzQygRQnsxO35oI=",
        "owner": "nix-community",
        "repo": "NUR",
        "rev": "aa1948a9de4600e5c6d362cf98bc2592aa7bae53",
        "type": "github"
      },
      "original": {
        "owner": "nix-community",
        "repo": "NUR",
        "type": "github"
      }
    },
    "nurl": {
      "inputs": {
        "nixpkgs": "nixpkgs_2"
      },
      "locked": {
        "lastModified": 1672696130,
        "narHash": "sha256-h4NGR1C8mqQuTbzjgdTdienHIi/JEs40EpUHvYnLnwc=",
        "owner": "nix-community",
        "repo": "nurl",
        "rev": "afae462b3ff34fe4f545a0cb02f2b60b453d7866",
        "type": "github"
      },
      "original": {
        "owner": "nix-community",
        "repo": "nurl",
        "type": "github"
      }
    },
    "root": {
      "inputs": {
        "agenix": "agenix",
        "daml-mode": "daml-mode",
        "flake-utils-plus": "flake-utils-plus",
        "gsts": "gsts",
        "home-manager": "home-manager",
        "latest-nixpkgs": "latest-nixpkgs",
        "nixos-hardware": "nixos-hardware",
        "nixpkgs": "nixpkgs",
        "nur": "nur",
        "nurl": "nurl"
      }
    },
    "utils": {
      "locked": {
        "lastModified": 1667395993,
        "narHash": "sha256-nuEHfE/LcWyuSWnS8t12N1wc105Qtau+/OdUAjtQ0rA=",
        "owner": "numtide",
        "repo": "flake-utils",
        "rev": "5aed5285a952e0b949eb3ba02c12fa4fcfef535f",
        "type": "github"
      },
      "original": {
        "owner": "numtide",
        "repo": "flake-utils",
        "type": "github"
      }
    }
  },
  "root": "root",
  "version": 7
}
